
Microsoft Visual Studio Solution File, Format Version 12.00
# Visual Studio 14
VisualStudioVersion = 14.0.25420.1
MinimumVisualStudioVersion = 10.0.40219.1
Project("{FAE04EC0-301F-11D3-BF4B-00C04F79EFBC}") = "TK_Cons_F_v0", "TK_Cons_F_v0\TK_Cons_F_v0.csproj", "{0D9B60AD-25C6-4739-BBD2-BC78BB891582}"
EndProject
Global
	GlobalSection(SolutionConfigurationPlatforms) = preSolution
		Debug|Any CPU = Debug|Any CPU
		Release|Any CPU = Release|Any CPU
		Yabis|Any CPU = Yabis|Any CPU
	EndGlobalSection
	GlobalSection(ProjectConfigurationPlatforms) = postSolution
		{0D9B60AD-25C6-4739-BBD2-BC78BB891582}.Debug|Any CPU.ActiveCfg = Debug|Any CPU
		{0D9B60AD-25C6-4739-BBD2-BC78BB891582}.Debug|Any CPU.Build.0 = Debug|Any CPU
		{0D9B60AD-25C6-4739-BBD2-BC78BB891582}.Release|Any CPU.ActiveCfg = Release|Any CPU
		{0D9B60AD-25C6-4739-BBD2-BC78BB891582}.Release|Any CPU.Build.0 = Release|Any CPU
		{0D9B60AD-25C6-4739-BBD2-BC78BB891582}.Release|Any CPU.Deploy.0 = Release|Any CPU
		{0D9B60AD-25C6-4739-BBD2-BC78BB891582}.Yabis|Any CPU.ActiveCfg = Yabis|Any CPU
		{0D9B60AD-25C6-4739-BBD2-BC78BB891582}.Yabis|Any CPU.Build.0 = Yabis|Any CPU
	EndGlobalSection
	GlobalSection(SolutionProperties) = preSolution
		HideSolutionNode = FALSE
	EndGlobalSection
EndGlobal
